// !$*UTF8*$!
{
	archiveVersion = 1;
	classes = {
	};
	objectVersion = 46;
	objects = {

/* Begin PBXBuildFile section */
		2CC315F5FBCAE9FC2DFE0F87 /* libPods-iStudyDemo.a in Frameworks */ = {isa = PBXBuildFile; fileRef = 7FCB39AC830876F184EF9700 /* libPods-iStudyDemo.a */; };
		761931791C8BC5120022A311 /* Assets.xcassets in Resources */ = {isa = PBXBuildFile; fileRef = 761931781C8BC5120022A311 /* Assets.xcassets */; };
		7619317C1C8BC5120022A311 /* LaunchScreen.storyboard in Resources */ = {isa = PBXBuildFile; fileRef = 7619317A1C8BC5120022A311 /* LaunchScreen.storyboard */; };
		761931871C8BC5120022A311 /* iStudyDemoTests.m in Sources */ = {isa = PBXBuildFile; fileRef = 761931861C8BC5120022A311 /* iStudyDemoTests.m */; };
		761931921C8BC5120022A311 /* iStudyDemoUITests.m in Sources */ = {isa = PBXBuildFile; fileRef = 761931911C8BC5120022A311 /* iStudyDemoUITests.m */; };
		761931A51C8BC8A20022A311 /* AppDelegate.m in Sources */ = {isa = PBXBuildFile; fileRef = 761931A11C8BC8A20022A311 /* AppDelegate.m */; };
		761931A71C8BC8A20022A311 /* MainViewController.m in Sources */ = {isa = PBXBuildFile; fileRef = 761931A41C8BC8A20022A311 /* MainViewController.m */; };
		761931AB1C8BCC3F0022A311 /* main.m in Sources */ = {isa = PBXBuildFile; fileRef = 761931AA1C8BCC3F0022A311 /* main.m */; };
		761931B61C8BD5220022A311 /* OpenGLViewController.m in Sources */ = {isa = PBXBuildFile; fileRef = 761931B51C8BD5220022A311 /* OpenGLViewController.m */; };
		761931BA1C8BD79A0022A311 /* MapSDKDemoViewController.m in Sources */ = {isa = PBXBuildFile; fileRef = 761931B91C8BD79A0022A311 /* MapSDKDemoViewController.m */; };
		761931BC1C8BDDA40022A311 /* QuartzCore.framework in Frameworks */ = {isa = PBXBuildFile; fileRef = 761931BB1C8BDDA40022A311 /* QuartzCore.framework */; };
		761931BE1C8BDDAC0022A311 /* OpenGLES.framework in Frameworks */ = {isa = PBXBuildFile; fileRef = 761931BD1C8BDDAC0022A311 /* OpenGLES.framework */; };
		761931C11C8BDDCF0022A311 /* OpenGLTestView.m in Sources */ = {isa = PBXBuildFile; fileRef = 761931C01C8BDDCF0022A311 /* OpenGLTestView.m */; };
		761931C31C8BEF700022A311 /* SimpleVertex.glsl in Resources */ = {isa = PBXBuildFile; fileRef = 761931C21C8BEF700022A311 /* SimpleVertex.glsl */; };
		761931C51C8BEFD20022A311 /* SimpleFragment.glsl in Resources */ = {isa = PBXBuildFile; fileRef = 761931C41C8BEFD20022A311 /* SimpleFragment.glsl */; };
		761931D11C8C5DF70022A311 /* CC3Foundation.m in Sources */ = {isa = PBXBuildFile; fileRef = 761931C81C8C5DF70022A311 /* CC3Foundation.m */; settings = {COMPILER_FLAGS = "-fno-objc-arc"; }; };
		761931D21C8C5DF70022A311 /* CC3GLMatrix.m in Sources */ = {isa = PBXBuildFile; fileRef = 761931CA1C8C5DF70022A311 /* CC3GLMatrix.m */; settings = {COMPILER_FLAGS = "-fno-objc-arc"; }; };
		761931D31C8C5DF70022A311 /* CC3Kazmath.c in Sources */ = {isa = PBXBuildFile; fileRef = 761931CB1C8C5DF70022A311 /* CC3Kazmath.c */; };
		761931D41C8C5DF70022A311 /* CC3Math.m in Sources */ = {isa = PBXBuildFile; fileRef = 761931CF1C8C5DF70022A311 /* CC3Math.m */; };
		763FE3641C8D8BFA00CE67FF /* HTTPTestViewController.m in Sources */ = {isa = PBXBuildFile; fileRef = 763FE3631C8D8BFA00CE67FF /* HTTPTestViewController.m */; };
		763FE3871C8DC9AB00CE67FF /* LEDDomainObject.m in Sources */ = {isa = PBXBuildFile; fileRef = 763FE3861C8DC9AB00CE67FF /* LEDDomainObject.m */; };
		763FE38D1C8DCB6100CE67FF /* LEDDomainPredicate.m in Sources */ = {isa = PBXBuildFile; fileRef = 763FE38C1C8DCB6100CE67FF /* LEDDomainPredicate.m */; };
		763FE3901C8DD03000CE67FF /* TestDomainObject.m in Sources */ = {isa = PBXBuildFile; fileRef = 763FE38F1C8DD03000CE67FF /* TestDomainObject.m */; };
		BA0CE7C3F0C3D5D55BE25FD3 /* libPods-iStudyDemoTests.a in Frameworks */ = {isa = PBXBuildFile; fileRef = E46310862E13CE523DA12E07 /* libPods-iStudyDemoTests.a */; };
/* End PBXBuildFile section */

/* Begin PBXContainerItemProxy section */
		761931831C8BC5120022A311 /* PBXContainerItemProxy */ = {
			isa = PBXContainerItemProxy;
			containerPortal = 761931611C8BC5120022A311 /* Project object */;
			proxyType = 1;
			remoteGlobalIDString = 761931681C8BC5120022A311;
			remoteInfo = iStudyDemo;
		};
		7619318E1C8BC5120022A311 /* PBXContainerItemProxy */ = {
			isa = PBXContainerItemProxy;
			containerPortal = 761931611C8BC5120022A311 /* Project object */;
			proxyType = 1;
			remoteGlobalIDString = 761931681C8BC5120022A311;
			remoteInfo = iStudyDemo;
		};
/* End PBXContainerItemProxy section */

/* Begin PBXFileReference section */
		07C0384D7390C0AD733D2BFE /* Pods-iStudyDemo.release.xcconfig */ = {isa = PBXFileReference; includeInIndex = 1; lastKnownFileType = text.xcconfig; name = "Pods-iStudyDemo.release.xcconfig"; path = "../Pods/Target Support Files/Pods-iStudyDemo/Pods-iStudyDemo.release.xcconfig"; sourceTree = "<group>"; };
		761931691C8BC5120022A311 /* iStudyDemo.app */ = {isa = PBXFileReference; explicitFileType = wrapper.application; includeInIndex = 0; path = iStudyDemo.app; sourceTree = BUILT_PRODUCTS_DIR; };
		761931781C8BC5120022A311 /* Assets.xcassets */ = {isa = PBXFileReference; lastKnownFileType = folder.assetcatalog; path = Assets.xcassets; sourceTree = "<group>"; };
		7619317B1C8BC5120022A311 /* Base */ = {isa = PBXFileReference; lastKnownFileType = file.storyboard; name = Base; path = Base.lproj/LaunchScreen.storyboard; sourceTree = "<group>"; };
		7619317D1C8BC5120022A311 /* Info.plist */ = {isa = PBXFileReference; lastKnownFileType = text.plist.xml; path = Info.plist; sourceTree = "<group>"; };
		761931821C8BC5120022A311 /* iStudyDemoTests.xctest */ = {isa = PBXFileReference; explicitFileType = wrapper.cfbundle; includeInIndex = 0; path = iStudyDemoTests.xctest; sourceTree = BUILT_PRODUCTS_DIR; };
		761931861C8BC5120022A311 /* iStudyDemoTests.m */ = {isa = PBXFileReference; lastKnownFileType = sourcecode.c.objc; path = iStudyDemoTests.m; sourceTree = "<group>"; };
		761931881C8BC5120022A311 /* Info.plist */ = {isa = PBXFileReference; lastKnownFileType = text.plist.xml; path = Info.plist; sourceTree = "<group>"; };
		7619318D1C8BC5120022A311 /* iStudyDemoUITests.xctest */ = {isa = PBXFileReference; explicitFileType = wrapper.cfbundle; includeInIndex = 0; path = iStudyDemoUITests.xctest; sourceTree = BUILT_PRODUCTS_DIR; };
		761931911C8BC5120022A311 /* iStudyDemoUITests.m */ = {isa = PBXFileReference; lastKnownFileType = sourcecode.c.objc; path = iStudyDemoUITests.m; sourceTree = "<group>"; };
		761931931C8BC5120022A311 /* Info.plist */ = {isa = PBXFileReference; lastKnownFileType = text.plist.xml; path = Info.plist; sourceTree = "<group>"; };
		761931A01C8BC8A20022A311 /* AppDelegate.h */ = {isa = PBXFileReference; fileEncoding = 4; lastKnownFileType = sourcecode.c.h; path = AppDelegate.h; sourceTree = "<group>"; };
		761931A11C8BC8A20022A311 /* AppDelegate.m */ = {isa = PBXFileReference; fileEncoding = 4; lastKnownFileType = sourcecode.c.objc; path = AppDelegate.m; sourceTree = "<group>"; };
		761931A31C8BC8A20022A311 /* MainViewController.h */ = {isa = PBXFileReference; fileEncoding = 4; lastKnownFileType = sourcecode.c.h; path = MainViewController.h; sourceTree = "<group>"; };
		761931A41C8BC8A20022A311 /* MainViewController.m */ = {isa = PBXFileReference; fileEncoding = 4; lastKnownFileType = sourcecode.c.objc; path = MainViewController.m; sourceTree = "<group>"; };
		761931AA1C8BCC3F0022A311 /* main.m */ = {isa = PBXFileReference; fileEncoding = 4; lastKnownFileType = sourcecode.c.objc; path = main.m; sourceTree = "<group>"; };
		761931B01C8BD05C0022A311 /* UIKitMacros.h */ = {isa = PBXFileReference; fileEncoding = 4; lastKnownFileType = sourcecode.c.h; path = UIKitMacros.h; sourceTree = "<group>"; };
		761931B41C8BD5220022A311 /* OpenGLViewController.h */ = {isa = PBXFileReference; fileEncoding = 4; lastKnownFileType = sourcecode.c.h; path = OpenGLViewController.h; sourceTree = "<group>"; };
		761931B51C8BD5220022A311 /* OpenGLViewController.m */ = {isa = PBXFileReference; fileEncoding = 4; lastKnownFileType = sourcecode.c.objc; path = OpenGLViewController.m; sourceTree = "<group>"; };
		761931B81C8BD79A0022A311 /* MapSDKDemoViewController.h */ = {isa = PBXFileReference; fileEncoding = 4; lastKnownFileType = sourcecode.c.h; path = MapSDKDemoViewController.h; sourceTree = "<group>"; };
		761931B91C8BD79A0022A311 /* MapSDKDemoViewController.m */ = {isa = PBXFileReference; fileEncoding = 4; lastKnownFileType = sourcecode.c.objc; path = MapSDKDemoViewController.m; sourceTree = "<group>"; };
		761931BB1C8BDDA40022A311 /* QuartzCore.framework */ = {isa = PBXFileReference; lastKnownFileType = wrapper.framework; name = QuartzCore.framework; path = System/Library/Frameworks/QuartzCore.framework; sourceTree = SDKROOT; };
		761931BD1C8BDDAC0022A311 /* OpenGLES.framework */ = {isa = PBXFileReference; lastKnownFileType = wrapper.framework; name = OpenGLES.framework; path = System/Library/Frameworks/OpenGLES.framework; sourceTree = SDKROOT; };
		761931BF1C8BDDCF0022A311 /* OpenGLTestView.h */ = {isa = PBXFileReference; fileEncoding = 4; lastKnownFileType = sourcecode.c.h; path = OpenGLTestView.h; sourceTree = "<group>"; };
		761931C01C8BDDCF0022A311 /* OpenGLTestView.m */ = {isa = PBXFileReference; fileEncoding = 4; lastKnownFileType = sourcecode.c.objc; path = OpenGLTestView.m; sourceTree = "<group>"; };
		761931C21C8BEF700022A311 /* SimpleVertex.glsl */ = {isa = PBXFileReference; fileEncoding = 4; lastKnownFileType = text; path = SimpleVertex.glsl; sourceTree = "<group>"; };
		761931C41C8BEFD20022A311 /* SimpleFragment.glsl */ = {isa = PBXFileReference; fileEncoding = 4; lastKnownFileType = text; path = SimpleFragment.glsl; sourceTree = "<group>"; };
		761931C71C8C5DF70022A311 /* CC3Foundation.h */ = {isa = PBXFileReference; fileEncoding = 4; lastKnownFileType = sourcecode.c.h; path = CC3Foundation.h; sourceTree = "<group>"; };
		761931C81C8C5DF70022A311 /* CC3Foundation.m */ = {isa = PBXFileReference; fileEncoding = 4; lastKnownFileType = sourcecode.c.objc; path = CC3Foundation.m; sourceTree = "<group>"; };
		761931C91C8C5DF70022A311 /* CC3GLMatrix.h */ = {isa = PBXFileReference; fileEncoding = 4; lastKnownFileType = sourcecode.c.h; path = CC3GLMatrix.h; sourceTree = "<group>"; };
		761931CA1C8C5DF70022A311 /* CC3GLMatrix.m */ = {isa = PBXFileReference; fileEncoding = 4; lastKnownFileType = sourcecode.c.objc; path = CC3GLMatrix.m; sourceTree = "<group>"; };
		761931CB1C8C5DF70022A311 /* CC3Kazmath.c */ = {isa = PBXFileReference; fileEncoding = 4; lastKnownFileType = sourcecode.c.c; path = CC3Kazmath.c; sourceTree = "<group>"; };
		761931CC1C8C5DF70022A311 /* CC3Kazmath.h */ = {isa = PBXFileReference; fileEncoding = 4; lastKnownFileType = sourcecode.c.h; path = CC3Kazmath.h; sourceTree = "<group>"; };
		761931CD1C8C5DF70022A311 /* CC3Logging.h */ = {isa = PBXFileReference; fileEncoding = 4; lastKnownFileType = sourcecode.c.h; path = CC3Logging.h; sourceTree = "<group>"; };
		761931CE1C8C5DF70022A311 /* CC3Math.h */ = {isa = PBXFileReference; fileEncoding = 4; lastKnownFileType = sourcecode.c.h; path = CC3Math.h; sourceTree = "<group>"; };
		761931CF1C8C5DF70022A311 /* CC3Math.m */ = {isa = PBXFileReference; fileEncoding = 4; lastKnownFileType = sourcecode.c.objc; path = CC3Math.m; sourceTree = "<group>"; };
		761931D01C8C5DF70022A311 /* ccTypes.h */ = {isa = PBXFileReference; fileEncoding = 4; lastKnownFileType = sourcecode.c.h; path = ccTypes.h; sourceTree = "<group>"; };
		763FE3621C8D8BFA00CE67FF /* HTTPTestViewController.h */ = {isa = PBXFileReference; fileEncoding = 4; lastKnownFileType = sourcecode.c.h; path = HTTPTestViewController.h; sourceTree = "<group>"; };
		763FE3631C8D8BFA00CE67FF /* HTTPTestViewController.m */ = {isa = PBXFileReference; fileEncoding = 4; lastKnownFileType = sourcecode.c.objc; path = HTTPTestViewController.m; sourceTree = "<group>"; };
		763FE3851C8DC9AB00CE67FF /* LEDDomainObject.h */ = {isa = PBXFileReference; fileEncoding = 4; lastKnownFileType = sourcecode.c.h; path = LEDDomainObject.h; sourceTree = "<group>"; };
		763FE3861C8DC9AB00CE67FF /* LEDDomainObject.m */ = {isa = PBXFileReference; fileEncoding = 4; lastKnownFileType = sourcecode.c.objc; path = LEDDomainObject.m; sourceTree = "<group>"; };
		763FE38B1C8DCB6100CE67FF /* LEDDomainPredicate.h */ = {isa = PBXFileReference; fileEncoding = 4; lastKnownFileType = sourcecode.c.h; path = LEDDomainPredicate.h; sourceTree = "<group>"; };
		763FE38C1C8DCB6100CE67FF /* LEDDomainPredicate.m */ = {isa = PBXFileReference; fileEncoding = 4; lastKnownFileType = sourcecode.c.objc; path = LEDDomainPredicate.m; sourceTree = "<group>"; };
		763FE38E1C8DD03000CE67FF /* TestDomainObject.h */ = {isa = PBXFileReference; fileEncoding = 4; lastKnownFileType = sourcecode.c.h; path = TestDomainObject.h; sourceTree = "<group>"; };
		763FE38F1C8DD03000CE67FF /* TestDomainObject.m */ = {isa = PBXFileReference; fileEncoding = 4; lastKnownFileType = sourcecode.c.objc; path = TestDomainObject.m; sourceTree = "<group>"; };
		7FCB39AC830876F184EF9700 /* libPods-iStudyDemo.a */ = {isa = PBXFileReference; explicitFileType = archive.ar; includeInIndex = 0; path = "libPods-iStudyDemo.a"; sourceTree = BUILT_PRODUCTS_DIR; };
		B7A143A5F8268C343472EB18 /* Pods-iStudyDemoTests.debug.xcconfig */ = {isa = PBXFileReference; includeInIndex = 1; lastKnownFileType = text.xcconfig; name = "Pods-iStudyDemoTests.debug.xcconfig"; path = "../Pods/Target Support Files/Pods-iStudyDemoTests/Pods-iStudyDemoTests.debug.xcconfig"; sourceTree = "<group>"; };
		BCBEED3EEE298D40EA18BCD8 /* Pods-iStudyDemo.debug.xcconfig */ = {isa = PBXFileReference; includeInIndex = 1; lastKnownFileType = text.xcconfig; name = "Pods-iStudyDemo.debug.xcconfig"; path = "../Pods/Target Support Files/Pods-iStudyDemo/Pods-iStudyDemo.debug.xcconfig"; sourceTree = "<group>"; };
		E46310862E13CE523DA12E07 /* libPods-iStudyDemoTests.a */ = {isa = PBXFileReference; explicitFileType = archive.ar; includeInIndex = 0; path = "libPods-iStudyDemoTests.a"; sourceTree = BUILT_PRODUCTS_DIR; };
		E6D05E5071D44F6E0208EAFC /* Pods-iStudyDemoTests.release.xcconfig */ = {isa = PBXFileReference; includeInIndex = 1; lastKnownFileType = text.xcconfig; name = "Pods-iStudyDemoTests.release.xcconfig"; path = "../Pods/Target Support Files/Pods-iStudyDemoTests/Pods-iStudyDemoTests.release.xcconfig"; sourceTree = "<group>"; };
/* End PBXFileReference section */

/* Begin PBXFrameworksBuildPhase section */
		761931661C8BC5120022A311 /* Frameworks */ = {
			isa = PBXFrameworksBuildPhase;
			buildActionMask = 2147483647;
			files = (
				761931BE1C8BDDAC0022A311 /* OpenGLES.framework in Frameworks */,
				761931BC1C8BDDA40022A311 /* QuartzCore.framework in Frameworks */,
				2CC315F5FBCAE9FC2DFE0F87 /* libPods-iStudyDemo.a in Frameworks */,
			);
			runOnlyForDeploymentPostprocessing = 0;
		};
		7619317F1C8BC5120022A311 /* Frameworks */ = {
			isa = PBXFrameworksBuildPhase;
			buildActionMask = 2147483647;
			files = (
				BA0CE7C3F0C3D5D55BE25FD3 /* libPods-iStudyDemoTests.a in Frameworks */,
			);
			runOnlyForDeploymentPostprocessing = 0;
		};
		7619318A1C8BC5120022A311 /* Frameworks */ = {
			isa = PBXFrameworksBuildPhase;
			buildActionMask = 2147483647;
			files = (
			);
			runOnlyForDeploymentPostprocessing = 0;
		};
/* End PBXFrameworksBuildPhase section */

/* Begin PBXGroup section */
		50A738EC0D19E7D36A43E2AA /* Pods */ = {
			isa = PBXGroup;
			children = (
				BCBEED3EEE298D40EA18BCD8 /* Pods-iStudyDemo.debug.xcconfig */,
				07C0384D7390C0AD733D2BFE /* Pods-iStudyDemo.release.xcconfig */,
				B7A143A5F8268C343472EB18 /* Pods-iStudyDemoTests.debug.xcconfig */,
				E6D05E5071D44F6E0208EAFC /* Pods-iStudyDemoTests.release.xcconfig */,
			);
			name = Pods;
			sourceTree = "<group>";
		};
		761931601C8BC5120022A311 = {
			isa = PBXGroup;
			children = (
				7619316B1C8BC5120022A311 /* iStudyDemo */,
				761931851C8BC5120022A311 /* iStudyDemoTests */,
				761931901C8BC5120022A311 /* iStudyDemoUITests */,
				7619316A1C8BC5120022A311 /* Products */,
				50A738EC0D19E7D36A43E2AA /* Pods */,
				DF399414AD08488BE365F5E9 /* Frameworks */,
			);
			sourceTree = "<group>";
		};
		7619316A1C8BC5120022A311 /* Products */ = {
			isa = PBXGroup;
			children = (
				761931691C8BC5120022A311 /* iStudyDemo.app */,
				761931821C8BC5120022A311 /* iStudyDemoTests.xctest */,
				7619318D1C8BC5120022A311 /* iStudyDemoUITests.xctest */,
			);
			name = Products;
			sourceTree = "<group>";
		};
		7619316B1C8BC5120022A311 /* iStudyDemo */ = {
			isa = PBXGroup;
			children = (
				761931AC1C8BCCDA0022A311 /* Classes */,
				7619319F1C8BC8A20022A311 /* Main */,
				761931781C8BC5120022A311 /* Assets.xcassets */,
				7619317A1C8BC5120022A311 /* LaunchScreen.storyboard */,
				7619317D1C8BC5120022A311 /* Info.plist */,
				7619316C1C8BC5120022A311 /* Supporting Files */,
				761931AA1C8BCC3F0022A311 /* main.m */,
			);
			path = iStudyDemo;
			sourceTree = "<group>";
		};
		7619316C1C8BC5120022A311 /* Supporting Files */ = {
			isa = PBXGroup;
			children = (
			);
			name = "Supporting Files";
			sourceTree = "<group>";
		};
		761931851C8BC5120022A311 /* iStudyDemoTests */ = {
			isa = PBXGroup;
			children = (
				761931861C8BC5120022A311 /* iStudyDemoTests.m */,
				761931881C8BC5120022A311 /* Info.plist */,
			);
			path = iStudyDemoTests;
			sourceTree = "<group>";
		};
		761931901C8BC5120022A311 /* iStudyDemoUITests */ = {
			isa = PBXGroup;
			children = (
				761931911C8BC5120022A311 /* iStudyDemoUITests.m */,
				761931931C8BC5120022A311 /* Info.plist */,
			);
			path = iStudyDemoUITests;
			sourceTree = "<group>";
		};
		7619319F1C8BC8A20022A311 /* Main */ = {
			isa = PBXGroup;
			children = (
				761931A01C8BC8A20022A311 /* AppDelegate.h */,
				761931A11C8BC8A20022A311 /* AppDelegate.m */,
				761931A31C8BC8A20022A311 /* MainViewController.h */,
				761931A41C8BC8A20022A311 /* MainViewController.m */,
			);
			path = Main;
			sourceTree = "<group>";
		};
		761931AC1C8BCCDA0022A311 /* Classes */ = {
			isa = PBXGroup;
			children = (
				761931AE1C8BCE500022A311 /* Basic */,
				761931AF1C8BCE500022A311 /* Utils */,
				761931AD1C8BCD010022A311 /* Modules */,
			);
			path = Classes;
			sourceTree = "<group>";
		};
		761931AD1C8BCD010022A311 /* Modules */ = {
			isa = PBXGroup;
			children = (
				763FE3611C8D8BE100CE67FF /* HTTPTest */,
				761931B71C8BD7820022A311 /* MapDemo */,
				761931B31C8BD4FF0022A311 /* OpenGL */,
			);
			path = Modules;
			sourceTree = "<group>";
		};
		761931AE1C8BCE500022A311 /* Basic */ = {
			isa = PBXGroup;
			children = (
			);
			path = Basic;
			sourceTree = "<group>";
		};
		761931AF1C8BCE500022A311 /* Utils */ = {
			isa = PBXGroup;
			children = (
				761931B01C8BD05C0022A311 /* UIKitMacros.h */,
			);
			path = Utils;
			sourceTree = "<group>";
		};
		761931B31C8BD4FF0022A311 /* OpenGL */ = {
			isa = PBXGroup;
			children = (
				761931B41C8BD5220022A311 /* OpenGLViewController.h */,
				761931B51C8BD5220022A311 /* OpenGLViewController.m */,
				761931BF1C8BDDCF0022A311 /* OpenGLTestView.h */,
				761931C01C8BDDCF0022A311 /* OpenGLTestView.m */,
				761931C21C8BEF700022A311 /* SimpleVertex.glsl */,
				761931C41C8BEFD20022A311 /* SimpleFragment.glsl */,
				761931C61C8C5DF70022A311 /* Cocos3DMathLib */,
			);
			path = OpenGL;
			sourceTree = "<group>";
		};
		761931B71C8BD7820022A311 /* MapDemo */ = {
			isa = PBXGroup;
			children = (
				761931B81C8BD79A0022A311 /* MapSDKDemoViewController.h */,
				761931B91C8BD79A0022A311 /* MapSDKDemoViewController.m */,
			);
			path = MapDemo;
			sourceTree = "<group>";
		};
		761931C61C8C5DF70022A311 /* Cocos3DMathLib */ = {
			isa = PBXGroup;
			children = (
				761931C71C8C5DF70022A311 /* CC3Foundation.h */,
				761931C81C8C5DF70022A311 /* CC3Foundation.m */,
				761931C91C8C5DF70022A311 /* CC3GLMatrix.h */,
				761931CA1C8C5DF70022A311 /* CC3GLMatrix.m */,
				761931CB1C8C5DF70022A311 /* CC3Kazmath.c */,
				761931CC1C8C5DF70022A311 /* CC3Kazmath.h */,
				761931CD1C8C5DF70022A311 /* CC3Logging.h */,
				761931CE1C8C5DF70022A311 /* CC3Math.h */,
				761931CF1C8C5DF70022A311 /* CC3Math.m */,
				761931D01C8C5DF70022A311 /* ccTypes.h */,
			);
			path = Cocos3DMathLib;
			sourceTree = "<group>";
		};
		763FE3611C8D8BE100CE67FF /* HTTPTest */ = {
			isa = PBXGroup;
			children = (
				763FE3841C8DC97000CE67FF /* Mantle */,
				763FE3621C8D8BFA00CE67FF /* HTTPTestViewController.h */,
				763FE3631C8D8BFA00CE67FF /* HTTPTestViewController.m */,
				763FE38E1C8DD03000CE67FF /* TestDomainObject.h */,
				763FE38F1C8DD03000CE67FF /* TestDomainObject.m */,
			);
			path = HTTPTest;
			sourceTree = "<group>";
		};
		763FE3841C8DC97000CE67FF /* Mantle */ = {
			isa = PBXGroup;
			children = (
				763FE3851C8DC9AB00CE67FF /* LEDDomainObject.h */,
				763FE3861C8DC9AB00CE67FF /* LEDDomainObject.m */,
				763FE38B1C8DCB6100CE67FF /* LEDDomainPredicate.h */,
				763FE38C1C8DCB6100CE67FF /* LEDDomainPredicate.m */,
			);
			path = Mantle;
			sourceTree = "<group>";
		};
		DF399414AD08488BE365F5E9 /* Frameworks */ = {
			isa = PBXGroup;
			children = (
				761931BD1C8BDDAC0022A311 /* OpenGLES.framework */,
				761931BB1C8BDDA40022A311 /* QuartzCore.framework */,
				7FCB39AC830876F184EF9700 /* libPods-iStudyDemo.a */,
				E46310862E13CE523DA12E07 /* libPods-iStudyDemoTests.a */,
			);
			name = Frameworks;
			sourceTree = "<group>";
		};
/* End PBXGroup section */

/* Begin PBXNativeTarget section */
		761931681C8BC5120022A311 /* iStudyDemo */ = {
			isa = PBXNativeTarget;
			buildConfigurationList = 761931961C8BC5120022A311 /* Build configuration list for PBXNativeTarget "iStudyDemo" */;
			buildPhases = (
				58E9038866F56F321206E8C1 /* Check Pods Manifest.lock */,
				761931651C8BC5120022A311 /* Sources */,
				761931661C8BC5120022A311 /* Frameworks */,
				761931671C8BC5120022A311 /* Resources */,
				47A42F9504B4CE3BDE563CD6 /* Copy Pods Resources */,
			);
			buildRules = (
			);
			dependencies = (
			);
			name = iStudyDemo;
			productName = iStudyDemo;
			productReference = 761931691C8BC5120022A311 /* iStudyDemo.app */;
			productType = "com.apple.product-type.application";
		};
		761931811C8BC5120022A311 /* iStudyDemoTests */ = {
			isa = PBXNativeTarget;
			buildConfigurationList = 761931991C8BC5120022A311 /* Build configuration list for PBXNativeTarget "iStudyDemoTests" */;
			buildPhases = (
				EBAD24F4951C2D1758C755F9 /* Check Pods Manifest.lock */,
				7619317E1C8BC5120022A311 /* Sources */,
				7619317F1C8BC5120022A311 /* Frameworks */,
				761931801C8BC5120022A311 /* Resources */,
				93E3EBF234FC4DB12C9EE0A4 /* Copy Pods Resources */,
			);
			buildRules = (
			);
			dependencies = (
				761931841C8BC5120022A311 /* PBXTargetDependency */,
			);
			name = iStudyDemoTests;
			productName = iStudyDemoTests;
			productReference = 761931821C8BC5120022A311 /* iStudyDemoTests.xctest */;
			productType = "com.apple.product-type.bundle.unit-test";
		};
		7619318C1C8BC5120022A311 /* iStudyDemoUITests */ = {
			isa = PBXNativeTarget;
			buildConfigurationList = 7619319C1C8BC5120022A311 /* Build configuration list for PBXNativeTarget "iStudyDemoUITests" */;
			buildPhases = (
				761931891C8BC5120022A311 /* Sources */,
				7619318A1C8BC5120022A311 /* Frameworks */,
				7619318B1C8BC5120022A311 /* Resources */,
			);
			buildRules = (
			);
			dependencies = (
				7619318F1C8BC5120022A311 /* PBXTargetDependency */,
			);
			name = iStudyDemoUITests;
			productName = iStudyDemoUITests;
			productReference = 7619318D1C8BC5120022A311 /* iStudyDemoUITests.xctest */;
			productType = "com.apple.product-type.bundle.ui-testing";
		};
/* End PBXNativeTarget section */

/* Begin PBXProject section */
		761931611C8BC5120022A311 /* Project object */ = {
			isa = PBXProject;
			attributes = {
				LastUpgradeCheck = 0720;
				ORGANIZATIONNAME = zhangyuanke;
				TargetAttributes = {
					761931681C8BC5120022A311 = {
						CreatedOnToolsVersion = 7.2.1;
					};
					761931811C8BC5120022A311 = {
						CreatedOnToolsVersion = 7.2.1;
						TestTargetID = 761931681C8BC5120022A311;
					};
					7619318C1C8BC5120022A311 = {
						CreatedOnToolsVersion = 7.2.1;
						TestTargetID = 761931681C8BC5120022A311;
					};
				};
			};
			buildConfigurationList = 761931641C8BC5120022A311 /* Build configuration list for PBXProject "iStudyDemo" */;
			compatibilityVersion = "Xcode 3.2";
			developmentRegion = English;
			hasScannedForEncodings = 0;
			knownRegions = (
				en,
				Base,
			);
			mainGroup = 761931601C8BC5120022A311;
			productRefGroup = 7619316A1C8BC5120022A311 /* Products */;
			projectDirPath = "";
			projectRoot = "";
			targets = (
				761931681C8BC5120022A311 /* iStudyDemo */,
				761931811C8BC5120022A311 /* iStudyDemoTests */,
				7619318C1C8BC5120022A311 /* iStudyDemoUITests */,
			);
		};
/* End PBXProject section */

/* Begin PBXResourcesBuildPhase section */
		761931671C8BC5120022A311 /* Resources */ = {
			isa = PBXResourcesBuildPhase;
			buildActionMask = 2147483647;
			files = (
				7619317C1C8BC5120022A311 /* LaunchScreen.storyboard in Resources */,
				761931C51C8BEFD20022A311 /* SimpleFragment.glsl in Resources */,
				761931791C8BC5120022A311 /* Assets.xcassets in Resources */,
				761931C31C8BEF700022A311 /* SimpleVertex.glsl in Resources */,
			);
			runOnlyForDeploymentPostprocessing = 0;
		};
		761931801C8BC5120022A311 /* Resources */ = {
			isa = PBXResourcesBuildPhase;
			buildActionMask = 2147483647;
			files = (
			);
			runOnlyForDeploymentPostprocessing = 0;
		};
		7619318B1C8BC5120022A311 /* Resources */ = {
			isa = PBXResourcesBuildPhase;
			buildActionMask = 2147483647;
			files = (
			);
			runOnlyForDeploymentPostprocessing = 0;
		};
/* End PBXResourcesBuildPhase section */

/* Begin PBXShellScriptBuildPhase section */
		47A42F9504B4CE3BDE563CD6 /* Copy Pods Resources */ = {
			isa = PBXShellScriptBuildPhase;
			buildActionMask = 2147483647;
			files = (
			);
			inputPaths = (
			);
			name = "Copy Pods Resources";
			outputPaths = (
			);
			runOnlyForDeploymentPostprocessing = 0;
			shellPath = /bin/sh;
			shellScript = "\"${SRCROOT}/../Pods/Target Support Files/Pods-iStudyDemo/Pods-iStudyDemo-resources.sh\"\n";
			showEnvVarsInLog = 0;
		};
		58E9038866F56F321206E8C1 /* Check Pods Manifest.lock */ = {
			isa = PBXShellScriptBuildPhase;
			buildActionMask = 2147483647;
			files = (
			);
			inputPaths = (
			);
			name = "Check Pods Manifest.lock";
			outputPaths = (
			);
			runOnlyForDeploymentPostprocessing = 0;
			shellPath = /bin/sh;
			shellScript = "diff \"${PODS_ROOT}/../Podfile.lock\" \"${PODS_ROOT}/Manifest.lock\" > /dev/null\nif [[ $? != 0 ]] ; then\n    cat << EOM\nerror: The sandbox is not in sync with the Podfile.lock. Run 'pod install' or update your CocoaPods installation.\nEOM\n    exit 1\nfi\n";
			showEnvVarsInLog = 0;
		};
		93E3EBF234FC4DB12C9EE0A4 /* Copy Pods Resources */ = {
			isa = PBXShellScriptBuildPhase;
			buildActionMask = 2147483647;
			files = (
			);
			inputPaths = (
			);
			name = "Copy Pods Resources";
			outputPaths = (
			);
			runOnlyForDeploymentPostprocessing = 0;
			shellPath = /bin/sh;
			shellScript = "\"${SRCROOT}/../Pods/Target Support Files/Pods-iStudyDemoTests/Pods-iStudyDemoTests-resources.sh\"\n";
			showEnvVarsInLog = 0;
		};
		EBAD24F4951C2D1758C755F9 /* Check Pods Manifest.lock */ = {
			isa = PBXShellScriptBuildPhase;
			buildActionMask = 2147483647;
			files = (
			);
			inputPaths = (
			);
			name = "Check Pods Manifest.lock";
			outputPaths = (
			);
			runOnlyForDeploymentPostprocessing = 0;
			shellPath = /bin/sh;
			shellScript = "diff \"${PODS_ROOT}/../Podfile.lock\" \"${PODS_ROOT}/Manifest.lock\" > /dev/null\nif [[ $? != 0 ]] ; then\n    cat << EOM\nerror: The sandbox is not in sync with the Podfile.lock. Run 'pod install' or update your CocoaPods installation.\nEOM\n    exit 1\nfi\n";
			showEnvVarsInLog = 0;
		};
/* End PBXShellScriptBuildPhase section */

/* Begin PBXSourcesBuildPhase section */
		761931651C8BC5120022A311 /* Sources */ = {
			isa = PBXSourcesBuildPhase;
			buildActionMask = 2147483647;
			files = (
				763FE3871C8DC9AB00CE67FF /* LEDDomainObject.m in Sources */,
				761931A51C8BC8A20022A311 /* AppDelegate.m in Sources */,
				763FE3901C8DD03000CE67FF /* TestDomainObject.m in Sources */,
				761931D21C8C5DF70022A311 /* CC3GLMatrix.m in Sources */,
				761931B61C8BD5220022A311 /* OpenGLViewController.m in Sources */,
				761931D41C8C5DF70022A311 /* CC3Math.m in Sources */,
				761931BA1C8BD79A0022A311 /* MapSDKDemoViewController.m in Sources */,
				761931A71C8BC8A20022A311 /* MainViewController.m in Sources */,
				761931AB1C8BCC3F0022A311 /* main.m in Sources */,
				761931D31C8C5DF70022A311 /* CC3Kazmath.c in Sources */,
				763FE3641C8D8BFA00CE67FF /* HTTPTestViewController.m in Sources */,
				761931C11C8BDDCF0022A311 /* OpenGLTestView.m in Sources */,
				763FE38D1C8DCB6100CE67FF /* LEDDomainPredicate.m in Sources */,
				761931D11C8C5DF70022A311 /* CC3Foundation.m in Sources */,
			);
			runOnlyForDeploymentPostprocessing = 0;
		};
		7619317E1C8BC5120022A311 /* Sources */ = {
			isa = PBXSourcesBuildPhase;
			buildActionMask = 2147483647;
			files = (
				761931871C8BC5120022A311 /* iStudyDemoTests.m in Sources */,
			);
			runOnlyForDeploymentPostprocessing = 0;
		};
		761931891C8BC5120022A311 /* Sources */ = {
			isa = PBXSourcesBuildPhase;
			buildActionMask = 2147483647;
			files = (
				761931921C8BC5120022A311 /* iStudyDemoUITests.m in Sources */,
			);
			runOnlyForDeploymentPostprocessing = 0;
		};
/* End PBXSourcesBuildPhase section */

/* Begin PBXTargetDependency section */
		761931841C8BC5120022A311 /* PBXTargetDependency */ = {
			isa = PBXTargetDependency;
			target = 761931681C8BC5120022A311 /* iStudyDemo */;
			targetProxy = 761931831C8BC5120022A311 /* PBXContainerItemProxy */;
		};
		7619318F1C8BC5120022A311 /* PBXTargetDependency */ = {
			isa = PBXTargetDependency;
			target = 761931681C8BC5120022A311 /* iStudyDemo */;
			targetProxy = 7619318E1C8BC5120022A311 /* PBXContainerItemProxy */;
		};
/* End PBXTargetDependency section */

/* Begin PBXVariantGroup section */
		7619317A1C8BC5120022A311 /* LaunchScreen.storyboard */ = {
			isa = PBXVariantGroup;
			children = (
				7619317B1C8BC5120022A311 /* Base */,
			);
			name = LaunchScreen.storyboard;
			sourceTree = "<group>";
		};
/* End PBXVariantGroup section */

/* Begin XCBuildConfiguration section */
		761931941C8BC5120022A311 /* Debug */ = {
			isa = XCBuildConfiguration;
			buildSettings = {
				ALWAYS_SEARCH_USER_PATHS = NO;
				CLANG_CXX_LANGUAGE_STANDARD = "gnu++0x";
				CLANG_CXX_LIBRARY = "libc++";
				CLANG_ENABLE_MODULES = YES;
				CLANG_ENABLE_OBJC_ARC = YES;
				CLANG_WARN_BOOL_CONVERSION = YES;
				CLANG_WARN_CONSTANT_CONVERSION = YES;
				CLANG_WARN_DIRECT_OBJC_ISA_USAGE = YES_ERROR;
				CLANG_WARN_EMPTY_BODY = YES;
				CLANG_WARN_ENUM_CONVERSION = YES;
				CLANG_WARN_INT_CONVERSION = YES;
				CLANG_WARN_OBJC_ROOT_CLASS = YES_ERROR;
				CLANG_WARN_UNREACHABLE_CODE = YES;
				CLANG_WARN__DUPLICATE_METHOD_MATCH = YES;
				"CODE_SIGN_IDENTITY[sdk=iphoneos*]" = "iPhone Developer";
				COPY_PHASE_STRIP = NO;
				DEBUG_INFORMATION_FORMAT = dwarf;
				ENABLE_STRICT_OBJC_MSGSEND = YES;
				ENABLE_TESTABILITY = YES;
				GCC_C_LANGUAGE_STANDARD = gnu99;
				GCC_DYNAMIC_NO_PIC = NO;
				GCC_NO_COMMON_BLOCKS = YES;
				GCC_OPTIMIZATION_LEVEL = 0;
				GCC_PREPROCESSOR_DEFINITIONS = (
					"DEBUG=1",
					"$(inherited)",
				);
				GCC_WARN_64_TO_32_BIT_CONVERSION = YES;
				GCC_WARN_ABOUT_RETURN_TYPE = YES_ERROR;
				GCC_WARN_UNDECLARED_SELECTOR = YES;
				GCC_WARN_UNINITIALIZED_AUTOS = YES_AGGRESSIVE;
				GCC_WARN_UNUSED_FUNCTION = YES;
				GCC_WARN_UNUSED_VARIABLE = YES;
				IPHONEOS_DEPLOYMENT_TARGET = 9.2;
				MTL_ENABLE_DEBUG_INFO = YES;
				ONLY_ACTIVE_ARCH = YES;
				SDKROOT = iphoneos;
				TARGETED_DEVICE_FAMILY = "1,2";
			};
			name = Debug;
		};
		761931951C8BC5120022A311 /* Release */ = {
			isa = XCBuildConfiguration;
			buildSettings = {
				ALWAYS_SEARCH_USER_PATHS = NO;
				CLANG_CXX_LANGUAGE_STANDARD = "gnu++0x";
				CLANG_CXX_LIBRARY = "libc++";
				CLANG_ENABLE_MODULES = YES;
				CLANG_ENABLE_OBJC_ARC = YES;
				CLANG_WARN_BOOL_CONVERSION = YES;
				CLANG_WARN_CONSTANT_CONVERSION = YES;
				CLANG_WARN_DIRECT_OBJC_ISA_USAGE = YES_ERROR;
				CLANG_WARN_EMPTY_BODY = YES;
				CLANG_WARN_ENUM_CONVERSION = YES;
				CLANG_WARN_INT_CONVERSION = YES;
				CLANG_WARN_OBJC_ROOT_CLASS = YES_ERROR;
				CLANG_WARN_UNREACHABLE_CODE = YES;
				CLANG_WARN__DUPLICATE_METHOD_MATCH = YES;
				"CODE_SIGN_IDENTITY[sdk=iphoneos*]" = "iPhone Developer";
				COPY_PHASE_STRIP = NO;
				DEBUG_INFORMATION_FORMAT = "dwarf-with-dsym";
				ENABLE_NS_ASSERTIONS = NO;
				ENABLE_STRICT_OBJC_MSGSEND = YES;
				GCC_C_LANGUAGE_STANDARD = gnu99;
				GCC_NO_COMMON_BLOCKS = YES;
				GCC_WARN_64_TO_32_BIT_CONVERSION = YES;
				GCC_WARN_ABOUT_RETURN_TYPE = YES_ERROR;
				GCC_WARN_UNDECLARED_SELECTOR = YES;
				GCC_WARN_UNINITIALIZED_AUTOS = YES_AGGRESSIVE;
				GCC_WARN_UNUSED_FUNCTION = YES;
				GCC_WARN_UNUSED_VARIABLE = YES;
				IPHONEOS_DEPLOYMENT_TARGET = 9.2;
				MTL_ENABLE_DEBUG_INFO = NO;
				SDKROOT = iphoneos;
				TARGETED_DEVICE_FAMILY = "1,2";
				VALIDATE_PRODUCT = YES;
			};
			name = Release;
		};
		761931971C8BC5120022A311 /* Debug */ = {
			isa = XCBuildConfiguration;
			baseConfigurationReference = BCBEED3EEE298D40EA18BCD8 /* Pods-iStudyDemo.debug.xcconfig */;
			buildSettings = {
				ASSETCATALOG_COMPILER_APPICON_NAME = AppIcon;
				CODE_SIGN_IDENTITY = "iPhone Developer";
				INFOPLIST_FILE = iStudyDemo/Info.plist;
				IPHONEOS_DEPLOYMENT_TARGET = 8.0;
				LD_RUNPATH_SEARCH_PATHS = "$(inherited) @executable_path/Frameworks";
				PRODUCT_BUNDLE_IDENTIFIER = com.kdtm.iStudyDemo;
				PRODUCT_NAME = "$(TARGET_NAME)";
			};
			name = Debug;
		};
		761931981C8BC5120022A311 /* Release */ = {
			isa = XCBuildConfiguration;
			baseConfigurationReference = 07C0384D7390C0AD733D2BFE /* Pods-iStudyDemo.release.xcconfig */;
			buildSettings = {
				ASSETCATALOG_COMPILER_APPICON_NAME = AppIcon;
				CODE_SIGN_IDENTITY = "iPhone Developer";
				INFOPLIST_FILE = iStudyDemo/Info.plist;
				IPHONEOS_DEPLOYMENT_TARGET = 8.0;
				LD_RUNPATH_SEARCH_PATHS = "$(inherited) @executable_path/Frameworks";
				PRODUCT_BUNDLE_IDENTIFIER = com.kdtm.iStudyDemo;
				PRODUCT_NAME = "$(TARGET_NAME)";
			};
			name = Release;
		};
		7619319A1C8BC5120022A311 /* Debug */ = {
			isa = XCBuildConfiguration;
			baseConfigurationReference = B7A143A5F8268C343472EB18 /* Pods-iStudyDemoTests.debug.xcconfig */;
			buildSettings = {
				BUNDLE_LOADER = "$(TEST_HOST)";
				INFOPLIST_FILE = iStudyDemoTests/Info.plist;
				LD_RUNPATH_SEARCH_PATHS = "$(inherited) @executable_path/Frameworks @loader_path/Frameworks";
				PRODUCT_BUNDLE_IDENTIFIER = com.kdtm.iStudyDemoTests;
				PRODUCT_NAME = "$(TARGET_NAME)";
				TEST_HOST = "$(BUILT_PRODUCTS_DIR)/iStudyDemo.app/iStudyDemo";
			};
			name = Debug;
		};
		7619319B1C8BC5120022A311 /* Release */ = {
			isa = XCBuildConfiguration;
			baseConfigurationReference = E6D05E5071D44F6E0208EAFC /* Pods-iStudyDemoTests.release.xcconfig */;
			buildSettings = {
				BUNDLE_LOADER = "$(TEST_HOST)";
				INFOPLIST_FILE = iStudyDemoTests/Info.plist;
				LD_RUNPATH_SEARCH_PATHS = "$(inherited) @executable_path/Frameworks @loader_path/Frameworks";
				PRODUCT_BUNDLE_IDENTIFIER = com.kdtm.iStudyDemoTests;
				PRODUCT_NAME = "$(TARGET_NAME)";
				TEST_HOST = "$(BUILT_PRODUCTS_DIR)/iStudyDemo.app/iStudyDemo";
			};
			name = Release;
		};
		7619319D1C8BC5120022A311 /* Debug */ = {
			isa = XCBuildConfiguration;
			buildSettings = {
				INFOPLIST_FILE = iStudyDemoUITests/Info.plist;
				LD_RUNPATH_SEARCH_PATHS = "$(inherited) @executable_path/Frameworks @loader_path/Frameworks";
				PRODUCT_BUNDLE_IDENTIFIER = com.kdtm.iStudyDemoUITests;
				PRODUCT_NAME = "$(TARGET_NAME)";
				TEST_TARGET_NAME = iStudyDemo;
				USES_XCTRUNNER = YES;
			};
			name = Debug;
		};
		7619319E1C8BC5120022A311 /* Release */ = {
			isa = XCBuildConfiguration;
			buildSettings = {
				INFOPLIST_FILE = iStudyDemoUITests/Info.plist;
				LD_RUNPATH_SEARCH_PATHS = "$(inherited) @executable_path/Frameworks @loader_path/Frameworks";
				PRODUCT_BUNDLE_IDENTIFIER = com.kdtm.iStudyDemoUITests;
				PRODUCT_NAME = "$(TARGET_NAME)";
				TEST_TARGET_NAME = iStudyDemo;
				USES_XCTRUNNER = YES;
			};
			name = Release;
		};
/* End XCBuildConfiguration section */

/* Begin XCConfigurationList section */
		761931641C8BC5120022A311 /* Build configuration list for PBXProject "iStudyDemo" */ = {
			isa = XCConfigurationList;
			buildConfigurations = (
				761931941C8BC5120022A311 /* Debug */,
				761931951C8BC5120022A311 /* Release */,
			);
			defaultConfigurationIsVisible = 0;
			defaultConfigurationName = Release;
		};
		761931961C8BC5120022A311 /* Build configuration list for PBXNativeTarget "iStudyDemo" */ = {
			isa = XCConfigurationList;
			buildConfigurations = (
				761931971C8BC5120022A311 /* Debug */,
				761931981C8BC5120022A311 /* Release */,
			);
			defaultConfigurationIsVisible = 0;
			defaultConfigurationName = Release;
		};
		761931991C8BC5120022A311 /* Build configuration list for PBXNativeTarget "iStudyDemoTests" */ = {
			isa = XCConfigurationList;
			buildConfigurations = (
				7619319A1C8BC5120022A311 /* Debug */,
				7619319B1C8BC5120022A311 /* Release */,
			);
			defaultConfigurationIsVisible = 0;
			defaultConfigurationName = Release;
		};
		7619319C1C8BC5120022A311 /* Build configuration list for PBXNativeTarget "iStudyDemoUITests" */ = {
			isa = XCConfigurationList;
			buildConfigurations = (
				7619319D1C8BC5120022A311 /* Debug */,
				7619319E1C8BC5120022A311 /* Release */,
			);
			defaultConfigurationIsVisible = 0;
			defaultConfigurationName = Release;
		};
/* End XCConfigurationList section */
	};
	rootObject = 761931611C8BC5120022A311 /* Project object */;
}
